
Microsoft Visual Studio Solution File, Format Version 12.00
# Visual Studio Version 17
VisualStudioVersion = 17.5.33424.131
MinimumVisualStudioVersion = 10.0.40219.1
Project("{9A19103F-16F7-4668-BE54-9A1E7A4F7556}") = "Task_8.1.4", "Task_8.1.4\Task_8.1.4.csproj", "{8377B14A-2883-42B2-AAA7-741EAF011FF9}"
EndProject
Project("{9A19103F-16F7-4668-BE54-9A1E7A4F7556}") = "Task_8.1.5", "Task_8.1.5\Task_8.1.5.csproj", "{0FB90CA5-158B-4487-9D24-2A3698E45797}"
EndProject
Project("{9A19103F-16F7-4668-BE54-9A1E7A4F7556}") = "ClassesForWorkingWithDisksAndDirectories_8.2", "ClassesForWorkingWithDisksAndDirectories_8.2\ClassesForWorkingWithDisksAndDirectories_8.2.csproj", "{08891DF6-2230-4551-A708-A74DFB19F36B}"
EndProject
Project("{9A19103F-16F7-4668-BE54-9A1E7A4F7556}") = "Task_8.2.1", "Task_8.2.1\Task_8.2.1.csproj", "{38E14DCA-2B23-4A98-8544-8C6AD5A55FB4}"
EndProject
Project("{9A19103F-16F7-4668-BE54-9A1E7A4F7556}") = "CreateNewFolder_8.2", "CreateNewFolder_8.2\CreateNewFolder_8.2.csproj", "{0BFB125D-6C7D-480E-A3B5-79E4B4CDE228}"
EndProject
Project("{9A19103F-16F7-4668-BE54-9A1E7A4F7556}") = "Task_8.2.2", "Task_8.2.2\Task_8.2.2.csproj", "{5C86A3D1-ED74-475A-A42A-82B5979B41E2}"
EndProject
Project("{9A19103F-16F7-4668-BE54-9A1E7A4F7556}") = "Task_8.2.3", "Task_8.2.3\Task_8.2.3.csproj", "{ABA94BDF-7E79-4AA3-8474-C54B6AEA3BF5}"
EndProject
Project("{9A19103F-16F7-4668-BE54-9A1E7A4F7556}") = "Task_8.2.4", "Task_8.2.4\Task_8.2.4.csproj", "{936ABF59-E892-492A-9F25-F9A00ADB3CFC}"
EndProject
Project("{9A19103F-16F7-4668-BE54-9A1E7A4F7556}") = "Practice_8.3", "Practice_8.3\Practice_8.3.csproj", "{A751956C-933B-4F69-9447-5946D8D99B09}"
EndProject
Project("{9A19103F-16F7-4668-BE54-9A1E7A4F7556}") = "Task_8.3.1", "Task_8.3.1\Task_8.3.1.csproj", "{DE88DC0A-59BF-4378-904A-9128903FEE2D}"
EndProject
Project("{9A19103F-16F7-4668-BE54-9A1E7A4F7556}") = "Practice_8.3v2", "Practice_8.3v2\Practice_8.3v2.csproj", "{3C0A2A1A-526D-4320-B2A9-9F0D6C023624}"
EndProject
Project("{9A19103F-16F7-4668-BE54-9A1E7A4F7556}") = "Task_8.3.2", "Task_8.3.2\Task_8.3.2.csproj", "{58EF832C-EA18-4F92-A3D0-A5A6B6590681}"
EndProject
Project("{FAE04EC0-301F-11D3-BF4B-00C04F79EFBC}") = "Practice_8.4", "Practice_8.4\Practice_8.4.csproj", "{FB693126-2A3E-4507-8109-A5688D770D7A}"
EndProject
Project("{FAE04EC0-301F-11D3-BF4B-00C04F79EFBC}") = "Task_8.4.1", "Task_8.4.1\Task_8.4.1.csproj", "{9A7E1EF1-2312-4249-BE11-F8C5FB6C5D09}"
EndProject
Project("{FAE04EC0-301F-11D3-BF4B-00C04F79EFBC}") = "Task_8.4.2", "Task_8.4.2\Task_8.4.2.csproj", "{1288DE9E-ABDA-4A3E-9437-41D058804608}"
EndProject
Global
	GlobalSection(SolutionConfigurationPlatforms) = preSolution
		Debug|Any CPU = Debug|Any CPU
		Release|Any CPU = Release|Any CPU
	EndGlobalSection
	GlobalSection(ProjectConfigurationPlatforms) = postSolution
		{8377B14A-2883-42B2-AAA7-741EAF011FF9}.Debug|Any CPU.ActiveCfg = Debug|Any CPU
		{8377B14A-2883-42B2-AAA7-741EAF011FF9}.Debug|Any CPU.Build.0 = Debug|Any CPU
		{8377B14A-2883-42B2-AAA7-741EAF011FF9}.Release|Any CPU.ActiveCfg = Release|Any CPU
		{8377B14A-2883-42B2-AAA7-741EAF011FF9}.Release|Any CPU.Build.0 = Release|Any CPU
		{0FB90CA5-158B-4487-9D24-2A3698E45797}.Debug|Any CPU.ActiveCfg = Debug|Any CPU
		{0FB90CA5-158B-4487-9D24-2A3698E45797}.Debug|Any CPU.Build.0 = Debug|Any CPU
		{0FB90CA5-158B-4487-9D24-2A3698E45797}.Release|Any CPU.ActiveCfg = Release|Any CPU
		{0FB90CA5-158B-4487-9D24-2A3698E45797}.Release|Any CPU.Build.0 = Release|Any CPU
		{08891DF6-2230-4551-A708-A74DFB19F36B}.Debug|Any CPU.ActiveCfg = Debug|Any CPU
		{08891DF6-2230-4551-A708-A74DFB19F36B}.Debug|Any CPU.Build.0 = Debug|Any CPU
		{08891DF6-2230-4551-A708-A74DFB19F36B}.Release|Any CPU.ActiveCfg = Release|Any CPU
		{08891DF6-2230-4551-A708-A74DFB19F36B}.Release|Any CPU.Build.0 = Release|Any CPU
		{38E14DCA-2B23-4A98-8544-8C6AD5A55FB4}.Debug|Any CPU.ActiveCfg = Debug|Any CPU
		{38E14DCA-2B23-4A98-8544-8C6AD5A55FB4}.Debug|Any CPU.Build.0 = Debug|Any CPU
		{38E14DCA-2B23-4A98-8544-8C6AD5A55FB4}.Release|Any CPU.ActiveCfg = Release|Any CPU
		{38E14DCA-2B23-4A98-8544-8C6AD5A55FB4}.Release|Any CPU.Build.0 = Release|Any CPU
		{0BFB125D-6C7D-480E-A3B5-79E4B4CDE228}.Debug|Any CPU.ActiveCfg = Debug|Any CPU
		{0BFB125D-6C7D-480E-A3B5-79E4B4CDE228}.Debug|Any CPU.Build.0 = Debug|Any CPU
		{0BFB125D-6C7D-480E-A3B5-79E4B4CDE228}.Release|Any CPU.ActiveCfg = Release|Any CPU
		{0BFB125D-6C7D-480E-A3B5-79E4B4CDE228}.Release|Any CPU.Build.0 = Release|Any CPU
		{5C86A3D1-ED74-475A-A42A-82B5979B41E2}.Debug|Any CPU.ActiveCfg = Debug|Any CPU
		{5C86A3D1-ED74-475A-A42A-82B5979B41E2}.Debug|Any CPU.Build.0 = Debug|Any CPU
		{5C86A3D1-ED74-475A-A42A-82B5979B41E2}.Release|Any CPU.ActiveCfg = Release|Any CPU
		{5C86A3D1-ED74-475A-A42A-82B5979B41E2}.Release|Any CPU.Build.0 = Release|Any CPU
		{ABA94BDF-7E79-4AA3-8474-C54B6AEA3BF5}.Debug|Any CPU.ActiveCfg = Debug|Any CPU
		{ABA94BDF-7E79-4AA3-8474-C54B6AEA3BF5}.Debug|Any CPU.Build.0 = Debug|Any CPU
		{ABA94BDF-7E79-4AA3-8474-C54B6AEA3BF5}.Release|Any CPU.ActiveCfg = Release|Any CPU
		{ABA94BDF-7E79-4AA3-8474-C54B6AEA3BF5}.Release|Any CPU.Build.0 = Release|Any CPU
		{936ABF59-E892-492A-9F25-F9A00ADB3CFC}.Debug|Any CPU.ActiveCfg = Debug|Any CPU
		{936ABF59-E892-492A-9F25-F9A00ADB3CFC}.Debug|Any CPU.Build.0 = Debug|Any CPU
		{936ABF59-E892-492A-9F25-F9A00ADB3CFC}.Release|Any CPU.ActiveCfg = Release|Any CPU
		{936ABF59-E892-492A-9F25-F9A00ADB3CFC}.Release|Any CPU.Build.0 = Release|Any CPU
		{A751956C-933B-4F69-9447-5946D8D99B09}.Debug|Any CPU.ActiveCfg = Debug|Any CPU
		{A751956C-933B-4F69-9447-5946D8D99B09}.Debug|Any CPU.Build.0 = Debug|Any CPU
		{A751956C-933B-4F69-9447-5946D8D99B09}.Release|Any CPU.ActiveCfg = Release|Any CPU
		{A751956C-933B-4F69-9447-5946D8D99B09}.Release|Any CPU.Build.0 = Release|Any CPU
		{DE88DC0A-59BF-4378-904A-9128903FEE2D}.Debug|Any CPU.ActiveCfg = Debug|Any CPU
		{DE88DC0A-59BF-4378-904A-9128903FEE2D}.Debug|Any CPU.Build.0 = Debug|Any CPU
		{DE88DC0A-59BF-4378-904A-9128903FEE2D}.Release|Any CPU.ActiveCfg = Release|Any CPU
		{DE88DC0A-59BF-4378-904A-9128903FEE2D}.Release|Any CPU.Build.0 = Release|Any CPU
		{3C0A2A1A-526D-4320-B2A9-9F0D6C023624}.Debug|Any CPU.ActiveCfg = Debug|Any CPU
		{3C0A2A1A-526D-4320-B2A9-9F0D6C023624}.Debug|Any CPU.Build.0 = Debug|Any CPU
		{3C0A2A1A-526D-4320-B2A9-9F0D6C023624}.Release|Any CPU.ActiveCfg = Release|Any CPU
		{3C0A2A1A-526D-4320-B2A9-9F0D6C023624}.Release|Any CPU.Build.0 = Release|Any CPU
		{58EF832C-EA18-4F92-A3D0-A5A6B6590681}.Debug|Any CPU.ActiveCfg = Debug|Any CPU
		{58EF832C-EA18-4F92-A3D0-A5A6B6590681}.Debug|Any CPU.Build.0 = Debug|Any CPU
		{58EF832C-EA18-4F92-A3D0-A5A6B6590681}.Release|Any CPU.ActiveCfg = Release|Any CPU
		{58EF832C-EA18-4F92-A3D0-A5A6B6590681}.Release|Any CPU.Build.0 = Release|Any CPU
		{FB693126-2A3E-4507-8109-A5688D770D7A}.Debug|Any CPU.ActiveCfg = Debug|Any CPU
		{FB693126-2A3E-4507-8109-A5688D770D7A}.Debug|Any CPU.Build.0 = Debug|Any CPU
		{FB693126-2A3E-4507-8109-A5688D770D7A}.Release|Any CPU.ActiveCfg = Release|Any CPU
		{FB693126-2A3E-4507-8109-A5688D770D7A}.Release|Any CPU.Build.0 = Release|Any CPU
		{9A7E1EF1-2312-4249-BE11-F8C5FB6C5D09}.Debug|Any CPU.ActiveCfg = Debug|Any CPU
		{9A7E1EF1-2312-4249-BE11-F8C5FB6C5D09}.Debug|Any CPU.Build.0 = Debug|Any CPU
		{9A7E1EF1-2312-4249-BE11-F8C5FB6C5D09}.Release|Any CPU.ActiveCfg = Release|Any CPU
		{9A7E1EF1-2312-4249-BE11-F8C5FB6C5D09}.Release|Any CPU.Build.0 = Release|Any CPU
		{1288DE9E-ABDA-4A3E-9437-41D058804608}.Debug|Any CPU.ActiveCfg = Debug|Any CPU
		{1288DE9E-ABDA-4A3E-9437-41D058804608}.Debug|Any CPU.Build.0 = Debug|Any CPU
		{1288DE9E-ABDA-4A3E-9437-41D058804608}.Release|Any CPU.ActiveCfg = Release|Any CPU
		{1288DE9E-ABDA-4A3E-9437-41D058804608}.Release|Any CPU.Build.0 = Release|Any CPU
	EndGlobalSection
	GlobalSection(SolutionProperties) = preSolution
		HideSolutionNode = FALSE
	EndGlobalSection
	GlobalSection(ExtensibilityGlobals) = postSolution
		SolutionGuid = {93879997-4A94-401B-8625-457D3BBD0455}
	EndGlobalSection
EndGlobal
