
Microsoft Visual Studio Solution File, Format Version 12.00
# Visual Studio Version 17
VisualStudioVersion = 17.5.33424.131
MinimumVisualStudioVersion = 10.0.40219.1
Project("{9A19103F-16F7-4668-BE54-9A1E7A4F7556}") = "Task_8.1.4", "Task_8.1.4\Task_8.1.4.csproj", "{8377B14A-2883-42B2-AAA7-741EAF011FF9}"
EndProject
Project("{FAE04EC0-301F-11D3-BF4B-00C04F79EFBC}") = "Task_8.1.5", "Task_8.1.5\Task_8.1.5.csproj", "{0FB90CA5-158B-4487-9D24-2A3698E45797}"
EndProject
Global
	GlobalSection(SolutionConfigurationPlatforms) = preSolution
		Debug|Any CPU = Debug|Any CPU
		Release|Any CPU = Release|Any CPU
	EndGlobalSection
	GlobalSection(ProjectConfigurationPlatforms) = postSolution
		{8377B14A-2883-42B2-AAA7-741EAF011FF9}.Debug|Any CPU.ActiveCfg = Debug|Any CPU
		{8377B14A-2883-42B2-AAA7-741EAF011FF9}.Debug|Any CPU.Build.0 = Debug|Any CPU
		{8377B14A-2883-42B2-AAA7-741EAF011FF9}.Release|Any CPU.ActiveCfg = Release|Any CPU
		{8377B14A-2883-42B2-AAA7-741EAF011FF9}.Release|Any CPU.Build.0 = Release|Any CPU
		{0FB90CA5-158B-4487-9D24-2A3698E45797}.Debug|Any CPU.ActiveCfg = Debug|Any CPU
		{0FB90CA5-158B-4487-9D24-2A3698E45797}.Debug|Any CPU.Build.0 = Debug|Any CPU
		{0FB90CA5-158B-4487-9D24-2A3698E45797}.Release|Any CPU.ActiveCfg = Release|Any CPU
		{0FB90CA5-158B-4487-9D24-2A3698E45797}.Release|Any CPU.Build.0 = Release|Any CPU
	EndGlobalSection
	GlobalSection(SolutionProperties) = preSolution
		HideSolutionNode = FALSE
	EndGlobalSection
	GlobalSection(ExtensibilityGlobals) = postSolution
		SolutionGuid = {93879997-4A94-401B-8625-457D3BBD0455}
	EndGlobalSection
EndGlobal
